
Microsoft Visual Studio Solution File, Format Version 12.00
# Visual Studio 14
VisualStudioVersion = 14.0.23107.0
MinimumVisualStudioVersion = 10.0.40219.1
Project("{8BC9CEB8-8B4A-11D0-8D11-00A0C91BC942}") = "Utils", "Utils\Utils.vcxproj", "{0BC5A7C0-62E1-43FC-86B7-AD1FBA51573E}"
EndProject
Project("{8BC9CEB8-8B4A-11D0-8D11-00A0C91BC942}") = "Test", "Test\Test.vcxproj", "{9631A21B-37B5-4E80-8A47-FD2A6D8E42E9}"
EndProject
Global
	GlobalSection(SolutionConfigurationPlatforms) = preSolution
		Debug|x64 = Debug|x64
		Debug|x86 = Debug|x86
		Release|x64 = Release|x64
		Release|x86 = Release|x86
	EndGlobalSection
	GlobalSection(ProjectConfigurationPlatforms) = postSolution
		{0BC5A7C0-62E1-43FC-86B7-AD1FBA51573E}.Debug|x64.ActiveCfg = Debug|x64
		{0BC5A7C0-62E1-43FC-86B7-AD1FBA51573E}.Debug|x64.Build.0 = Debug|x64
		{0BC5A7C0-62E1-43FC-86B7-AD1FBA51573E}.Debug|x86.ActiveCfg = Debug|Win32
		{0BC5A7C0-62E1-43FC-86B7-AD1FBA51573E}.Debug|x86.Build.0 = Debug|Win32
		{0BC5A7C0-62E1-43FC-86B7-AD1FBA51573E}.Release|x64.ActiveCfg = Release|x64
		{0BC5A7C0-62E1-43FC-86B7-AD1FBA51573E}.Release|x64.Build.0 = Release|x64
		{0BC5A7C0-62E1-43FC-86B7-AD1FBA51573E}.Release|x86.ActiveCfg = Release|Win32
		{0BC5A7C0-62E1-43FC-86B7-AD1FBA51573E}.Release|x86.Build.0 = Release|Win32
		{9631A21B-37B5-4E80-8A47-FD2A6D8E42E9}.Debug|x64.ActiveCfg = Debug|x64
		{9631A21B-37B5-4E80-8A47-FD2A6D8E42E9}.Debug|x64.Build.0 = Debug|x64
		{9631A21B-37B5-4E80-8A47-FD2A6D8E42E9}.Debug|x86.ActiveCfg = Debug|Win32
		{9631A21B-37B5-4E80-8A47-FD2A6D8E42E9}.Debug|x86.Build.0 = Debug|Win32
		{9631A21B-37B5-4E80-8A47-FD2A6D8E42E9}.Release|x64.ActiveCfg = Release|x64
		{9631A21B-37B5-4E80-8A47-FD2A6D8E42E9}.Release|x64.Build.0 = Release|x64
		{9631A21B-37B5-4E80-8A47-FD2A6D8E42E9}.Release|x86.ActiveCfg = Release|Win32
		{9631A21B-37B5-4E80-8A47-FD2A6D8E42E9}.Release|x86.Build.0 = Release|Win32
	EndGlobalSection
	GlobalSection(SolutionProperties) = preSolution
		HideSolutionNode = FALSE
	EndGlobalSection
EndGlobal
